
Microsoft Visual Studio Solution File, Format Version 12.00
# Visual Studio Version 16
VisualStudioVersion = 16.0.29519.87
MinimumVisualStudioVersion = 10.0.40219.1
Project("{FAE04EC0-301F-11D3-BF4B-00C04F79EFBC}") = "SportsStoreEF", "SportsStoreEF\SportsStoreEF.csproj", "{F5EA088C-E110-46F9-8943-7B5DF234150B}"
EndProject
Project("{FAE04EC0-301F-11D3-BF4B-00C04F79EFBC}") = "SportsStoreEF.Tests", "SportsStoreEF.Tests\SportsStoreEF.Tests.csproj", "{BDE75E80-8730-4C65-976B-299F618BB0EF}"
EndProject
Global
	GlobalSection(SolutionConfigurationPlatforms) = preSolution
		Debug|Any CPU = Debug|Any CPU
		Release|Any CPU = Release|Any CPU
	EndGlobalSection
	GlobalSection(ProjectConfigurationPlatforms) = postSolution
		{F5EA088C-E110-46F9-8943-7B5DF234150B}.Debug|Any CPU.ActiveCfg = Debug|Any CPU
		{F5EA088C-E110-46F9-8943-7B5DF234150B}.Debug|Any CPU.Build.0 = Debug|Any CPU
		{F5EA088C-E110-46F9-8943-7B5DF234150B}.Release|Any CPU.ActiveCfg = Release|Any CPU
		{F5EA088C-E110-46F9-8943-7B5DF234150B}.Release|Any CPU.Build.0 = Release|Any CPU
		{BDE75E80-8730-4C65-976B-299F618BB0EF}.Debug|Any CPU.ActiveCfg = Debug|Any CPU
		{BDE75E80-8730-4C65-976B-299F618BB0EF}.Debug|Any CPU.Build.0 = Debug|Any CPU
		{BDE75E80-8730-4C65-976B-299F618BB0EF}.Release|Any CPU.ActiveCfg = Release|Any CPU
		{BDE75E80-8730-4C65-976B-299F618BB0EF}.Release|Any CPU.Build.0 = Release|Any CPU
	EndGlobalSection
	GlobalSection(SolutionProperties) = preSolution
		HideSolutionNode = FALSE
	EndGlobalSection
	GlobalSection(ExtensibilityGlobals) = postSolution
		SolutionGuid = {9A4C7EEF-11DB-44E5-BCED-0CD6CFB05B74}
	EndGlobalSection
EndGlobal
